
Microsoft Visual Studio Solution File, Format Version 12.00
# Visual Studio Version 16
VisualStudioVersion = 16.0.29306.81
MinimumVisualStudioVersion = 10.0.40219.1
Project("{FAE04EC0-301F-11D3-BF4B-00C04F79EFBC}") = "Team8ADProjectSSIS", "Team8ADProjectSSIS.csproj", "{4595AAE3-DEB2-45F6-9246-8F630D15DBE1}"
EndProject
Global
	GlobalSection(SolutionConfigurationPlatforms) = preSolution
		Debug|Any CPU = Debug|Any CPU
		Release|Any CPU = Release|Any CPU
	EndGlobalSection
	GlobalSection(ProjectConfigurationPlatforms) = postSolution
		{4595AAE3-DEB2-45F6-9246-8F630D15DBE1}.Debug|Any CPU.ActiveCfg = Debug|Any CPU
		{4595AAE3-DEB2-45F6-9246-8F630D15DBE1}.Debug|Any CPU.Build.0 = Debug|Any CPU
		{4595AAE3-DEB2-45F6-9246-8F630D15DBE1}.Release|Any CPU.ActiveCfg = Release|Any CPU
		{4595AAE3-DEB2-45F6-9246-8F630D15DBE1}.Release|Any CPU.Build.0 = Release|Any CPU
	EndGlobalSection
	GlobalSection(SolutionProperties) = preSolution
		HideSolutionNode = FALSE
	EndGlobalSection
	GlobalSection(ExtensibilityGlobals) = postSolution
		SolutionGuid = {512E20C0-FF82-49DB-9423-41EBB1D12C4E}
	EndGlobalSection
EndGlobal
